
Microsoft Visual Studio Solution File, Format Version 12.00
# Visual Studio Version 17
VisualStudioVersion = 17.3.32804.467
MinimumVisualStudioVersion = 10.0.40219.1
Project("{9A19103F-16F7-4668-BE54-9A1E7A4F7556}") = "HtmlPractice", "HtmlPractice\HtmlPractice.csproj", "{74A40A8F-3300-4354-9E3E-BE3EC35469F8}"
EndProject
Project("{2150E333-8FDC-42A3-9474-1A3956D46DE8}") = "Solution Items", "Solution Items", "{C7B21837-320A-4633-A700-E397816DB940}"
	ProjectSection(SolutionItems) = preProject
		.gitignore = .gitignore
		TextFile1.txt = TextFile1.txt
	EndProjectSection
EndProject
Project("{9A19103F-16F7-4668-BE54-9A1E7A4F7556}") = "Lab1", "Lab1\Lab1.csproj", "{1E4C9E2B-AF34-4602-85AC-81801FBBA78F}"
EndProject
Project("{9A19103F-16F7-4668-BE54-9A1E7A4F7556}") = "FormDemo", "FormDemo\FormDemo.csproj", "{E7A6661C-3B53-4788-A575-A622366A4E48}"
EndProject
Project("{9A19103F-16F7-4668-BE54-9A1E7A4F7556}") = "ControllerPractice1", "ControllerPractice1\ControllerPractice1.csproj", "{5D7DF98C-1047-4C0A-B41D-EBE2B0DC1713}"
EndProject
Project("{9A19103F-16F7-4668-BE54-9A1E7A4F7556}") = "Lab2", "Lab2\Lab2.csproj", "{CF106BFD-6A88-41FE-9F0D-82FB519A84C9}"
EndProject
Project("{9A19103F-16F7-4668-BE54-9A1E7A4F7556}") = "ModelDemo1", "ModelDemo1\ModelDemo1.csproj", "{6FFBBD67-3D09-49B6-A9B2-1AC3B7BEAB6B}"
EndProject
Project("{9A19103F-16F7-4668-BE54-9A1E7A4F7556}") = "Practice1", "Practice1\Practice1.csproj", "{EECA5E74-38E1-4A7B-9FA7-FE210261253C}"
EndProject
Project("{9A19103F-16F7-4668-BE54-9A1E7A4F7556}") = "InstrumentsDemo", "InstrumentsDemo\InstrumentsDemo.csproj", "{41692A17-1444-4355-B61C-D1F991E09D11}"
EndProject
Project("{FAE04EC0-301F-11D3-BF4B-00C04F79EFBC}") = "Lab3", "Lab3\Lab3.csproj", "{E5B121A3-BD7E-4066-8098-5860DB10DA68}"
EndProject
Global
	GlobalSection(SolutionConfigurationPlatforms) = preSolution
		Debug|Any CPU = Debug|Any CPU
		Release|Any CPU = Release|Any CPU
	EndGlobalSection
	GlobalSection(ProjectConfigurationPlatforms) = postSolution
		{74A40A8F-3300-4354-9E3E-BE3EC35469F8}.Debug|Any CPU.ActiveCfg = Debug|Any CPU
		{74A40A8F-3300-4354-9E3E-BE3EC35469F8}.Debug|Any CPU.Build.0 = Debug|Any CPU
		{74A40A8F-3300-4354-9E3E-BE3EC35469F8}.Release|Any CPU.ActiveCfg = Release|Any CPU
		{74A40A8F-3300-4354-9E3E-BE3EC35469F8}.Release|Any CPU.Build.0 = Release|Any CPU
		{1E4C9E2B-AF34-4602-85AC-81801FBBA78F}.Debug|Any CPU.ActiveCfg = Debug|Any CPU
		{1E4C9E2B-AF34-4602-85AC-81801FBBA78F}.Debug|Any CPU.Build.0 = Debug|Any CPU
		{1E4C9E2B-AF34-4602-85AC-81801FBBA78F}.Release|Any CPU.ActiveCfg = Release|Any CPU
		{1E4C9E2B-AF34-4602-85AC-81801FBBA78F}.Release|Any CPU.Build.0 = Release|Any CPU
		{E7A6661C-3B53-4788-A575-A622366A4E48}.Debug|Any CPU.ActiveCfg = Debug|Any CPU
		{E7A6661C-3B53-4788-A575-A622366A4E48}.Debug|Any CPU.Build.0 = Debug|Any CPU
		{E7A6661C-3B53-4788-A575-A622366A4E48}.Release|Any CPU.ActiveCfg = Release|Any CPU
		{E7A6661C-3B53-4788-A575-A622366A4E48}.Release|Any CPU.Build.0 = Release|Any CPU
		{5D7DF98C-1047-4C0A-B41D-EBE2B0DC1713}.Debug|Any CPU.ActiveCfg = Debug|Any CPU
		{5D7DF98C-1047-4C0A-B41D-EBE2B0DC1713}.Debug|Any CPU.Build.0 = Debug|Any CPU
		{5D7DF98C-1047-4C0A-B41D-EBE2B0DC1713}.Release|Any CPU.ActiveCfg = Release|Any CPU
		{5D7DF98C-1047-4C0A-B41D-EBE2B0DC1713}.Release|Any CPU.Build.0 = Release|Any CPU
		{CF106BFD-6A88-41FE-9F0D-82FB519A84C9}.Debug|Any CPU.ActiveCfg = Debug|Any CPU
		{CF106BFD-6A88-41FE-9F0D-82FB519A84C9}.Debug|Any CPU.Build.0 = Debug|Any CPU
		{CF106BFD-6A88-41FE-9F0D-82FB519A84C9}.Release|Any CPU.ActiveCfg = Release|Any CPU
		{CF106BFD-6A88-41FE-9F0D-82FB519A84C9}.Release|Any CPU.Build.0 = Release|Any CPU
		{6FFBBD67-3D09-49B6-A9B2-1AC3B7BEAB6B}.Debug|Any CPU.ActiveCfg = Debug|Any CPU
		{6FFBBD67-3D09-49B6-A9B2-1AC3B7BEAB6B}.Debug|Any CPU.Build.0 = Debug|Any CPU
		{6FFBBD67-3D09-49B6-A9B2-1AC3B7BEAB6B}.Release|Any CPU.ActiveCfg = Release|Any CPU
		{6FFBBD67-3D09-49B6-A9B2-1AC3B7BEAB6B}.Release|Any CPU.Build.0 = Release|Any CPU
		{EECA5E74-38E1-4A7B-9FA7-FE210261253C}.Debug|Any CPU.ActiveCfg = Debug|Any CPU
		{EECA5E74-38E1-4A7B-9FA7-FE210261253C}.Debug|Any CPU.Build.0 = Debug|Any CPU
		{EECA5E74-38E1-4A7B-9FA7-FE210261253C}.Release|Any CPU.ActiveCfg = Release|Any CPU
		{EECA5E74-38E1-4A7B-9FA7-FE210261253C}.Release|Any CPU.Build.0 = Release|Any CPU
		{41692A17-1444-4355-B61C-D1F991E09D11}.Debug|Any CPU.ActiveCfg = Debug|Any CPU
		{41692A17-1444-4355-B61C-D1F991E09D11}.Debug|Any CPU.Build.0 = Debug|Any CPU
		{41692A17-1444-4355-B61C-D1F991E09D11}.Release|Any CPU.ActiveCfg = Release|Any CPU
		{41692A17-1444-4355-B61C-D1F991E09D11}.Release|Any CPU.Build.0 = Release|Any CPU
		{E5B121A3-BD7E-4066-8098-5860DB10DA68}.Debug|Any CPU.ActiveCfg = Debug|Any CPU
		{E5B121A3-BD7E-4066-8098-5860DB10DA68}.Debug|Any CPU.Build.0 = Debug|Any CPU
		{E5B121A3-BD7E-4066-8098-5860DB10DA68}.Release|Any CPU.ActiveCfg = Release|Any CPU
		{E5B121A3-BD7E-4066-8098-5860DB10DA68}.Release|Any CPU.Build.0 = Release|Any CPU
	EndGlobalSection
	GlobalSection(SolutionProperties) = preSolution
		HideSolutionNode = FALSE
	EndGlobalSection
	GlobalSection(ExtensibilityGlobals) = postSolution
		SolutionGuid = {3C38D54B-1441-491C-939F-95B456FDAAAD}
	EndGlobalSection
EndGlobal
